
Microsoft Visual Studio Solution File, Format Version 12.00
# Visual Studio Version 17
VisualStudioVersion = 17.5.33414.496
MinimumVisualStudioVersion = 10.0.40219.1
Project("{888888A0-9F3D-457C-B088-3A5042F75D52}") = "Address Enrtry Form - GUI", "Address Enrtry Form - GUI.pyproj", "{AF118207-A86A-450B-AFDF-A07E1F47C4DD}"
EndProject
Global
	GlobalSection(SolutionConfigurationPlatforms) = preSolution
		Debug|Any CPU = Debug|Any CPU
		Release|Any CPU = Release|Any CPU
	EndGlobalSection
	GlobalSection(ProjectConfigurationPlatforms) = postSolution
		{AF118207-A86A-450B-AFDF-A07E1F47C4DD}.Debug|Any CPU.ActiveCfg = Debug|Any CPU
		{AF118207-A86A-450B-AFDF-A07E1F47C4DD}.Release|Any CPU.ActiveCfg = Release|Any CPU
	EndGlobalSection
	GlobalSection(SolutionProperties) = preSolution
		HideSolutionNode = FALSE
	EndGlobalSection
	GlobalSection(ExtensibilityGlobals) = postSolution
		SolutionGuid = {6D0E80AC-7004-440E-A035-A97CA47DA849}
	EndGlobalSection
EndGlobal
